<?xml version="1.0" encoding="utf-8"?>
<Project ToolsVersion="4.0" xmlns="http://schemas.microsoft.com/developer/msbuild/2003">
  <ItemGroup>
    <Filter Include="소스 파일">
      <UniqueIdentifier>{4FC737F1-C7A5-4376-A066-2A32D752A2FF}</UniqueIdentifier>
      <Extensions>cpp;c;cc;cxx;def;odl;idl;hpj;bat;asm;asmx</Extensions>
    </Filter>
    <Filter Include="헤더 파일">
      <UniqueIdentifier>{93995380-89BD-4b04-88EB-625FBE52EBFB}</UniqueIdentifier>
      <Extensions>h;hh;hpp;hxx;hm;inl;inc;ipp;xsd</Extensions>
    </Filter>
    <Filter Include="리소스 파일">
      <UniqueIdentifier>{67DA6AB6-F800-4c08-8B7A-83BB121AAD01}</UniqueIdentifier>
      <Extensions>rc;ico;cur;bmp;dlg;rc2;rct;bin;rgs;gif;jpg;jpeg;jpe;resx;tiff;tif;png;wav;mfcribbon-ms</Extensions>
    </Filter>
    <Filter Include="소스 파일\App">
      <UniqueIdentifier>{733c564d-f8d0-47d8-aaca-a6ffc1c2aa98}</UniqueIdentifier>
    </Filter>
    <Filter Include="헤더 파일\App">
      <UniqueIdentifier>{8046c1a1-e283-460d-8a13-a88a7dc7318d}</UniqueIdentifier>
    </Filter>
    <Filter Include="헤더 파일\Util">
      <UniqueIdentifier>{604eb15b-3b93-41b9-897e-7871bef2dbbc}</UniqueIdentifier>
    </Filter>
    <Filter Include="소스 파일\Util">
      <UniqueIdentifier>{673ceb67-227c-46a6-a0f6-49402e445f85}</UniqueIdentifier>
    </Filter>
    <Filter Include="소스 파일\App\Chapter 6">
      <UniqueIdentifier>{76732200-0ac0-411d-ac4d-e434f358fd11}</UniqueIdentifier>
    </Filter>
    <Filter Include="소스 파일\App\Chapter 7">
      <UniqueIdentifier>{8e3c8694-79a3-44d1-b2f1-e114451c0e58}</UniqueIdentifier>
    </Filter>
    <Filter Include="소스 파일\App\Chapter 8">
      <UniqueIdentifier>{93e48c82-bf33-4b5b-9835-b063755526e3}</UniqueIdentifier>
    </Filter>
    <Filter Include="소스 파일\App\Chapter 9">
      <UniqueIdentifier>{a308d525-3f5e-449e-9fdd-726e9ea7165a}</UniqueIdentifier>
    </Filter>
  </ItemGroup>
  <ItemGroup>
    <ClCompile Include="D3DApp.cpp">
      <Filter>소스 파일\App</Filter>
    </ClCompile>
    <ClCompile Include="InitDirect3DApp.cpp">
      <Filter>소스 파일\App</Filter>
    </ClCompile>
    <ClCompile Include="d3dUtil.cpp">
      <Filter>소스 파일\Util</Filter>
    </ClCompile>
    <ClCompile Include="GameTimer.cpp">
      <Filter>소스 파일\Util</Filter>
    </ClCompile>
    <ClCompile Include="MathHelper.cpp">
      <Filter>소스 파일\Util</Filter>
    </ClCompile>
    <ClCompile Include="FrameResource.cpp">
      <Filter>소스 파일\Util</Filter>
    </ClCompile>
    <ClCompile Include="GeometryGenerator.cpp">
      <Filter>소스 파일</Filter>
    </ClCompile>
    <ClCompile Include="LandAndWavesApp.cpp">
      <Filter>소스 파일\App\Chapter 7</Filter>
    </ClCompile>
    <ClCompile Include="ShapesApp.cpp">
      <Filter>소스 파일\App\Chapter 7</Filter>
    </ClCompile>
    <ClCompile Include="BoxApp.cpp">
      <Filter>소스 파일\App\Chapter 6</Filter>
    </ClCompile>
    <ClCompile Include="Waves.cpp">
      <Filter>소스 파일</Filter>
    </ClCompile>
    <ClCompile Include="LitWavesApp.cpp">
      <Filter>소스 파일\App\Chapter 8</Filter>
    </ClCompile>
    <ClCompile Include="LitColumns.cpp">
      <Filter>소스 파일\App\Chapter 8</Filter>
    </ClCompile>
    <ClCompile Include="CrateApp.cpp">
      <Filter>소스 파일\App\Chapter 9</Filter>
    </ClCompile>
    <ClCompile Include="DDSTextureLoader.cpp">
      <Filter>소스 파일\Util</Filter>
    </ClCompile>
  </ItemGroup>
  <ItemGroup>
    <ClInclude Include="d3dx12.h">
      <Filter>헤더 파일</Filter>
    </ClInclude>
    <ClInclude Include="D3DApp.h">
      <Filter>헤더 파일\App</Filter>
    </ClInclude>
    <ClInclude Include="d3dUtil.h">
      <Filter>헤더 파일\Util</Filter>
    </ClInclude>
    <ClInclude Include="GameTimer.h">
      <Filter>헤더 파일\Util</Filter>
    </ClInclude>
    <ClInclude Include="MathHelper.h">
      <Filter>헤더 파일\Util</Filter>
    </ClInclude>
    <ClInclude Include="UploadBuffer.h">
      <Filter>헤더 파일\Util</Filter>
    </ClInclude>
    <ClInclude Include="FrameResource.h">
      <Filter>헤더 파일\Util</Filter>
    </ClInclude>
    <ClInclude Include="GeometryGenerator.h">
      <Filter>헤더 파일</Filter>
    </ClInclude>
    <ClInclude Include="Waves.h">
      <Filter>헤더 파일</Filter>
    </ClInclude>
    <ClInclude Include="DDSTextureLoader.h">
      <Filter>헤더 파일\Util</Filter>
    </ClInclude>
  </ItemGroup>
</Project>